
Microsoft Visual Studio Solution File, Format Version 12.00
# Visual Studio Version 17
VisualStudioVersion = 17.0.31903.59
MinimumVisualStudioVersion = 10.0.40219.1
Project("{FAE04EC0-301F-11D3-BF4B-00C04F79EFBC}") = "zombiesCS", "zombiesCS\zombiesCS.csproj", "{F96B603B-359B-4317-A700-141171182520}"
EndProject
Project("{FAE04EC0-301F-11D3-BF4B-00C04F79EFBC}") = "zombiesCS.Tests", "zombiesCS.Tests\zombiesCS.Tests.csproj", "{E0A1827F-8DB2-45D6-90E5-31860AA446EE}"
EndProject
Global
	GlobalSection(SolutionConfigurationPlatforms) = preSolution
		Debug|Any CPU = Debug|Any CPU
		Release|Any CPU = Release|Any CPU
	EndGlobalSection
	GlobalSection(SolutionProperties) = preSolution
		HideSolutionNode = FALSE
	EndGlobalSection
	GlobalSection(ProjectConfigurationPlatforms) = postSolution
		{F96B603B-359B-4317-A700-141171182520}.Debug|Any CPU.ActiveCfg = Debug|Any CPU
		{F96B603B-359B-4317-A700-141171182520}.Debug|Any CPU.Build.0 = Debug|Any CPU
		{F96B603B-359B-4317-A700-141171182520}.Release|Any CPU.ActiveCfg = Release|Any CPU
		{F96B603B-359B-4317-A700-141171182520}.Release|Any CPU.Build.0 = Release|Any CPU
		{E0A1827F-8DB2-45D6-90E5-31860AA446EE}.Debug|Any CPU.ActiveCfg = Debug|Any CPU
		{E0A1827F-8DB2-45D6-90E5-31860AA446EE}.Debug|Any CPU.Build.0 = Debug|Any CPU
		{E0A1827F-8DB2-45D6-90E5-31860AA446EE}.Release|Any CPU.ActiveCfg = Release|Any CPU
		{E0A1827F-8DB2-45D6-90E5-31860AA446EE}.Release|Any CPU.Build.0 = Release|Any CPU
	EndGlobalSection
EndGlobal
